
Microsoft Visual Studio Solution File, Format Version 12.00
# Visual Studio Version 17
VisualStudioVersion = 17.14.36221.1 d17.14
MinimumVisualStudioVersion = 10.0.40219.1
Project("{FAE04EC0-301F-11D3-BF4B-00C04F79EFBC}") = "CustomsDeclaration.API", "CustomsDeclaration.API.csproj", "{42E5DB46-61E2-ADC5-DBD0-51BB1ED019BA}"
EndProject
Global
	GlobalSection(SolutionConfigurationPlatforms) = preSolution
		Debug|Any CPU = Debug|Any CPU
		Release|Any CPU = Release|Any CPU
	EndGlobalSection
	GlobalSection(ProjectConfigurationPlatforms) = postSolution
		{42E5DB46-61E2-ADC5-DBD0-51BB1ED019BA}.Debug|Any CPU.ActiveCfg = Debug|Any CPU
		{42E5DB46-61E2-ADC5-DBD0-51BB1ED019BA}.Debug|Any CPU.Build.0 = Debug|Any CPU
		{42E5DB46-61E2-ADC5-DBD0-51BB1ED019BA}.Release|Any CPU.ActiveCfg = Release|Any CPU
		{42E5DB46-61E2-ADC5-DBD0-51BB1ED019BA}.Release|Any CPU.Build.0 = Release|Any CPU
	EndGlobalSection
	GlobalSection(SolutionProperties) = preSolution
		HideSolutionNode = FALSE
	EndGlobalSection
	GlobalSection(ExtensibilityGlobals) = postSolution
		SolutionGuid = {650A6EAB-22E2-4981-A9CD-4272800EEAC0}
	EndGlobalSection
EndGlobal
